
Microsoft Visual Studio Solution File, Format Version 12.00
# Visual Studio Version 17
VisualStudioVersion = 17.2.32516.85
MinimumVisualStudioVersion = 10.0.40219.1
Project("{FAE04EC0-301F-11D3-BF4B-00C04F79EFBC}") = "NumberAnalyzer", "NumberAnalyzer\NumberAnalyzer.csproj", "{AA4609BD-7750-4742-BB59-F2781F62D20E}"
EndProject
Global
	GlobalSection(SolutionConfigurationPlatforms) = preSolution
		Debug|Any CPU = Debug|Any CPU
		Release|Any CPU = Release|Any CPU
	EndGlobalSection
	GlobalSection(ProjectConfigurationPlatforms) = postSolution
		{AA4609BD-7750-4742-BB59-F2781F62D20E}.Debug|Any CPU.ActiveCfg = Debug|Any CPU
		{AA4609BD-7750-4742-BB59-F2781F62D20E}.Debug|Any CPU.Build.0 = Debug|Any CPU
		{AA4609BD-7750-4742-BB59-F2781F62D20E}.Release|Any CPU.ActiveCfg = Release|Any CPU
		{AA4609BD-7750-4742-BB59-F2781F62D20E}.Release|Any CPU.Build.0 = Release|Any CPU
	EndGlobalSection
	GlobalSection(SolutionProperties) = preSolution
		HideSolutionNode = FALSE
	EndGlobalSection
	GlobalSection(ExtensibilityGlobals) = postSolution
		SolutionGuid = {9AF9D989-B247-4AC0-B1DC-E5711C6126A9}
	EndGlobalSection
EndGlobal
